
Microsoft Visual Studio Solution File, Format Version 12.00
# Visual Studio Version 17
VisualStudioVersion = 17.14.36414.22 d17.14
MinimumVisualStudioVersion = 10.0.40219.1
Project("{FAE04EC0-301F-11D3-BF4B-00C04F79EFBC}") = "ParkingApiApp", "ParkingApiApp.csproj", "{0B2778E9-1261-40D8-B1B3-6BE5C941F3C7}"
EndProject
Global
	GlobalSection(SolutionConfigurationPlatforms) = preSolution
		Debug|Any CPU = Debug|Any CPU
		Release|Any CPU = Release|Any CPU
	EndGlobalSection
	GlobalSection(ProjectConfigurationPlatforms) = postSolution
		{0B2778E9-1261-40D8-B1B3-6BE5C941F3C7}.Debug|Any CPU.ActiveCfg = Debug|Any CPU
		{0B2778E9-1261-40D8-B1B3-6BE5C941F3C7}.Debug|Any CPU.Build.0 = Debug|Any CPU
		{0B2778E9-1261-40D8-B1B3-6BE5C941F3C7}.Release|Any CPU.ActiveCfg = Release|Any CPU
		{0B2778E9-1261-40D8-B1B3-6BE5C941F3C7}.Release|Any CPU.Build.0 = Release|Any CPU
	EndGlobalSection
	GlobalSection(SolutionProperties) = preSolution
		HideSolutionNode = FALSE
	EndGlobalSection
	GlobalSection(ExtensibilityGlobals) = postSolution
		SolutionGuid = {91DCD908-28B4-4227-B70D-A3A942D8B918}
	EndGlobalSection
EndGlobal
